{"is_source_file": true, "file_id": 35, "git_revision": "f8c428115fa0c841a8914ca57c9ce50c5b8e8706", "state": 1, "description": "", "external_files": [], "external_methods": [], "published": [], "classes": [], "methods": [], "calls": [], "search-terms": [], "hash": "e9b4c3b42cef0193b7fddb548d37e652", "format-version": 4, "code-base-name": "default", "filename": "arcade_nexus_darkmode/post_process_status.lock", "knowledge_revision": 110}